// !$*UTF8*$!
{
	archiveVersion = 1;
	classes = {
	};
	objectVersion = 46;
	objects = {

/* Begin PBXBuildFile section */
		FA708E7F1BCB51AE00CEE08A /* AppDelegate.swift in Sources */ = {isa = PBXBuildFile; fileRef = FA708E7E1BCB51AE00CEE08A /* AppDelegate.swift */; };
		FA708E811BCB51AE00CEE08A /* ViewController.swift in Sources */ = {isa = PBXBuildFile; fileRef = FA708E801BCB51AE00CEE08A /* ViewController.swift */; };
		FA708E841BCB51AE00CEE08A /* Main.storyboard in Resources */ = {isa = PBXBuildFile; fileRef = FA708E821BCB51AE00CEE08A /* Main.storyboard */; };
		FA708E861BCB51AE00CEE08A /* Images.xcassets in Resources */ = {isa = PBXBuildFile; fileRef = FA708E851BCB51AE00CEE08A /* Images.xcassets */; };
		FA708E891BCB51AE00CEE08A /* LaunchScreen.xib in Resources */ = {isa = PBXBuildFile; fileRef = FA708E871BCB51AE00CEE08A /* LaunchScreen.xib */; };
		FA708E951BCB51AE00CEE08A /* tableViewsTests.swift in Sources */ = {isa = PBXBuildFile; fileRef = FA708E941BCB51AE00CEE08A /* tableViewsTests.swift */; };
/* End PBXBuildFile section */

/* Begin PBXContainerItemProxy section */
		FA708E8F1BCB51AE00CEE08A /* PBXContainerItemProxy */ = {
			isa = PBXContainerItemProxy;
			containerPortal = FA708E711BCB51AE00CEE08A /* Project object */;
			proxyType = 1;
			remoteGlobalIDString = FA708E781BCB51AE00CEE08A;
			remoteInfo = tableViews;
		};
/* End PBXContainerItemProxy section */

/* Begin PBXFileReference section */
		FA708E791BCB51AE00CEE08A /* tableViews.app */ = {isa = PBXFileReference; explicitFileType = wrapper.application; includeInIndex = 0; path = tableViews.app; sourceTree = BUILT_PRODUCTS_DIR; };
		FA708E7D1BCB51AE00CEE08A /* Info.plist */ = {isa = PBXFileReference; lastKnownFileType = text.plist.xml; path = Info.plist; sourceTree = "<group>"; };
		FA708E7E1BCB51AE00CEE08A /* AppDelegate.swift */ = {isa = PBXFileReference; lastKnownFileType = sourcecode.swift; path = AppDelegate.swift; sourceTree = "<group>"; };
		FA708E801BCB51AE00CEE08A /* ViewController.swift */ = {isa = PBXFileReference; lastKnownFileType = sourcecode.swift; path = ViewController.swift; sourceTree = "<group>"; };
		FA708E831BCB51AE00CEE08A /* Base */ = {isa = PBXFileReference; lastKnownFileType = file.storyboard; name = Base; path = Base.lproj/Main.storyboard; sourceTree = "<group>"; };
		FA708E851BCB51AE00CEE08A /* Images.xcassets */ = {isa = PBXFileReference; lastKnownFileType = folder.assetcatalog; path = Images.xcassets; sourceTree = "<group>"; };
		FA708E881BCB51AE00CEE08A /* Base */ = {isa = PBXFileReference; lastKnownFileType = file.xib; name = Base; path = Base.lproj/LaunchScreen.xib; sourceTree = "<group>"; };
		FA708E8E1BCB51AE00CEE08A /* tableViewsTests.xctest */ = {isa = PBXFileReference; explicitFileType = wrapper.cfbundle; includeInIndex = 0; path = tableViewsTests.xctest; sourceTree = BUILT_PRODUCTS_DIR; };
		FA708E931BCB51AE00CEE08A /* Info.plist */ = {isa = PBXFileReference; lastKnownFileType = text.plist.xml; path = Info.plist; sourceTree = "<group>"; };
		FA708E941BCB51AE00CEE08A /* tableViewsTests.swift */ = {isa = PBXFileReference; lastKnownFileType = sourcecode.swift; path = tableViewsTests.swift; sourceTree = "<group>"; };
/* End PBXFileReference section */

/* Begin PBXFrameworksBuildPhase section */
		FA708E761BCB51AE00CEE08A /* Frameworks */ = {
			isa = PBXFrameworksBuildPhase;
			buildActionMask = 2147483647;
			files = (
			);
			runOnlyForDeploymentPostprocessing = 0;
		};
		FA708E8B1BCB51AE00CEE08A /* Frameworks */ = {
			isa = PBXFrameworksBuildPhase;
			buildActionMask = 2147483647;
			files = (
			);
			runOnlyForDeploymentPostprocessing = 0;
		};
/* End PBXFrameworksBuildPhase section */

/* Begin PBXGroup section */
		FA708E701BCB51AE00CEE08A = {
			isa = PBXGroup;
			children = (
				FA708E7B1BCB51AE00CEE08A /* tableViews */,
				FA708E911BCB51AE00CEE08A /* tableViewsTests */,
				FA708E7A1BCB51AE00CEE08A /* Products */,
			);
			sourceTree = "<group>";
		};
		FA708E7A1BCB51AE00CEE08A /* Products */ = {
			isa = PBXGroup;
			children = (
				FA708E791BCB51AE00CEE08A /* tableViews.app */,
				FA708E8E1BCB51AE00CEE08A /* tableViewsTests.xctest */,
			);
			name = Products;
			sourceTree = "<group>";
		};
		FA708E7B1BCB51AE00CEE08A /* tableViews */ = {
			isa = PBXGroup;
			children = (
				FA708E7E1BCB51AE00CEE08A /* AppDelegate.swift */,
				FA708E801BCB51AE00CEE08A /* ViewController.swift */,
				FA708E821BCB51AE00CEE08A /* Main.storyboard */,
				FA708E851BCB51AE00CEE08A /* Images.xcassets */,
				FA708E871BCB51AE00CEE08A /* LaunchScreen.xib */,
				FA708E7C1BCB51AE00CEE08A /* Supporting Files */,
			);
			path = tableViews;
			sourceTree = "<group>";
		};
		FA708E7C1BCB51AE00CEE08A /* Supporting Files */ = {
			isa = PBXGroup;
			children = (
				FA708E7D1BCB51AE00CEE08A /* Info.plist */,
			);
			name = "Supporting Files";
			sourceTree = "<group>";
		};
		FA708E911BCB51AE00CEE08A /* tableViewsTests */ = {
			isa = PBXGroup;
			children = (
				FA708E941BCB51AE00CEE08A /* tableViewsTests.swift */,
				FA708E921BCB51AE00CEE08A /* Supporting Files */,
			);
			path = tableViewsTests;
			sourceTree = "<group>";
		};
		FA708E921BCB51AE00CEE08A /* Supporting Files */ = {
			isa = PBXGroup;
			children = (
				FA708E931BCB51AE00CEE08A /* Info.plist */,
			);
			name = "Supporting Files";
			sourceTree = "<group>";
		};
/* End PBXGroup section */

/* Begin PBXNativeTarget section */
		FA708E781BCB51AE00CEE08A /* tableViews */ = {
			isa = PBXNativeTarget;
			buildConfigurationList = FA708E981BCB51AE00CEE08A /* Build configuration list for PBXNativeTarget "tableViews" */;
			buildPhases = (
				FA708E751BCB51AE00CEE08A /* Sources */,
				FA708E761BCB51AE00CEE08A /* Frameworks */,
				FA708E771BCB51AE00CEE08A /* Resources */,
			);
			buildRules = (
			);
			dependencies = (
			);
			name = tableViews;
			productName = tableViews;
			productReference = FA708E791BCB51AE00CEE08A /* tableViews.app */;
			productType = "com.apple.product-type.application";
		};
		FA708E8D1BCB51AE00CEE08A /* tableViewsTests */ = {
			isa = PBXNativeTarget;
			buildConfigurationList = FA708E9B1BCB51AE00CEE08A /* Build configuration list for PBXNativeTarget "tableViewsTests" */;
			buildPhases = (
				FA708E8A1BCB51AE00CEE08A /* Sources */,
				FA708E8B1BCB51AE00CEE08A /* Frameworks */,
				FA708E8C1BCB51AE00CEE08A /* Resources */,
			);
			buildRules = (
			);
			dependencies = (
				FA708E901BCB51AE00CEE08A /* PBXTargetDependency */,
			);
			name = tableViewsTests;
			productName = tableViewsTests;
			productReference = FA708E8E1BCB51AE00CEE08A /* tableViewsTests.xctest */;
			productType = "com.apple.product-type.bundle.unit-test";
		};
/* End PBXNativeTarget section */

/* Begin PBXProject section */
		FA708E711BCB51AE00CEE08A /* Project object */ = {
			isa = PBXProject;
			attributes = {
				LastUpgradeCheck = 0630;
				ORGANIZATIONNAME = "Alejandro Terrazas";
				TargetAttributes = {
					FA708E781BCB51AE00CEE08A = {
						CreatedOnToolsVersion = 6.3.2;
					};
					FA708E8D1BCB51AE00CEE08A = {
						CreatedOnToolsVersion = 6.3.2;
						TestTargetID = FA708E781BCB51AE00CEE08A;
					};
				};
			};
			buildConfigurationList = FA708E741BCB51AE00CEE08A /* Build configuration list for PBXProject "tableViews" */;
			compatibilityVersion = "Xcode 3.2";
			developmentRegion = English;
			hasScannedForEncodings = 0;
			knownRegions = (
				en,
				Base,
			);
			mainGroup = FA708E701BCB51AE00CEE08A;
			productRefGroup = FA708E7A1BCB51AE00CEE08A /* Products */;
			projectDirPath = "";
			projectRoot = "";
			targets = (
				FA708E781BCB51AE00CEE08A /* tableViews */,
				FA708E8D1BCB51AE00CEE08A /* tableViewsTests */,
			);
		};
/* End PBXProject section */

/* Begin PBXResourcesBuildPhase section */
		FA708E771BCB51AE00CEE08A /* Resources */ = {
			isa = PBXResourcesBuildPhase;
			buildActionMask = 2147483647;
			files = (
				FA708E841BCB51AE00CEE08A /* Main.storyboard in Resources */,
				FA708E891BCB51AE00CEE08A /* LaunchScreen.xib in Resources */,
				FA708E861BCB51AE00CEE08A /* Images.xcassets in Resources */,
			);
			runOnlyForDeploymentPostprocessing = 0;
		};
		FA708E8C1BCB51AE00CEE08A /* Resources */ = {
			isa = PBXResourcesBuildPhase;
			buildActionMask = 2147483647;
			files = (
			);
			runOnlyForDeploymentPostprocessing = 0;
		};
/* End PBXResourcesBuildPhase section */

/* Begin PBXSourcesBuildPhase section */
		FA708E751BCB51AE00CEE08A /* Sources */ = {
			isa = PBXSourcesBuildPhase;
			buildActionMask = 2147483647;
			files = (
				FA708E811BCB51AE00CEE08A /* ViewController.swift in Sources */,
				FA708E7F1BCB51AE00CEE08A /* AppDelegate.swift in Sources */,
			);
			runOnlyForDeploymentPostprocessing = 0;
		};
		FA708E8A1BCB51AE00CEE08A /* Sources */ = {
			isa = PBXSourcesBuildPhase;
			buildActionMask = 2147483647;
			files = (
				FA708E951BCB51AE00CEE08A /* tableViewsTests.swift in Sources */,
			);
			runOnlyForDeploymentPostprocessing = 0;
		};
/* End PBXSourcesBuildPhase section */

/* Begin PBXTargetDependency section */
		FA708E901BCB51AE00CEE08A /* PBXTargetDependency */ = {
			isa = PBXTargetDependency;
			target = FA708E781BCB51AE00CEE08A /* tableViews */;
			targetProxy = FA708E8F1BCB51AE00CEE08A /* PBXContainerItemProxy */;
		};
/* End PBXTargetDependency section */

/* Begin PBXVariantGroup section */
		FA708E821BCB51AE00CEE08A /* Main.storyboard */ = {
			isa = PBXVariantGroup;
			children = (
				FA708E831BCB51AE00CEE08A /* Base */,
			);
			name = Main.storyboard;
			sourceTree = "<group>";
		};
		FA708E871BCB51AE00CEE08A /* LaunchScreen.xib */ = {
			isa = PBXVariantGroup;
			children = (
				FA708E881BCB51AE00CEE08A /* Base */,
			);
			name = LaunchScreen.xib;
			sourceTree = "<group>";
		};
/* End PBXVariantGroup section */

/* Begin XCBuildConfiguration section */
		FA708E961BCB51AE00CEE08A /* Debug */ = {
			isa = XCBuildConfiguration;
			buildSettings = {
				ALWAYS_SEARCH_USER_PATHS = NO;
				CLANG_CXX_LANGUAGE_STANDARD = "gnu++0x";
				CLANG_CXX_LIBRARY = "libc++";
				CLANG_ENABLE_MODULES = YES;
				CLANG_ENABLE_OBJC_ARC = YES;
				CLANG_WARN_BOOL_CONVERSION = YES;
				CLANG_WARN_CONSTANT_CONVERSION = YES;
				CLANG_WARN_DIRECT_OBJC_ISA_USAGE = YES_ERROR;
				CLANG_WARN_EMPTY_BODY = YES;
				CLANG_WARN_ENUM_CONVERSION = YES;
				CLANG_WARN_INT_CONVERSION = YES;
				CLANG_WARN_OBJC_ROOT_CLASS = YES_ERROR;
				CLANG_WARN_UNREACHABLE_CODE = YES;
				CLANG_WARN__DUPLICATE_METHOD_MATCH = YES;
				"CODE_SIGN_IDENTITY[sdk=iphoneos*]" = "iPhone Developer";
				COPY_PHASE_STRIP = NO;
				DEBUG_INFORMATION_FORMAT = "dwarf-with-dsym";
				ENABLE_STRICT_OBJC_MSGSEND = YES;
				GCC_C_LANGUAGE_STANDARD = gnu99;
				GCC_DYNAMIC_NO_PIC = NO;
				GCC_NO_COMMON_BLOCKS = YES;
				GCC_OPTIMIZATION_LEVEL = 0;
				GCC_PREPROCESSOR_DEFINITIONS = (
					"DEBUG=1",
					"$(inherited)",
				);
				GCC_SYMBOLS_PRIVATE_EXTERN = NO;
				GCC_WARN_64_TO_32_BIT_CONVERSION = YES;
				GCC_WARN_ABOUT_RETURN_TYPE = YES_ERROR;
				GCC_WARN_UNDECLARED_SELECTOR = YES;
				GCC_WARN_UNINITIALIZED_AUTOS = YES_AGGRESSIVE;
				GCC_WARN_UNUSED_FUNCTION = YES;
				GCC_WARN_UNUSED_VARIABLE = YES;
				IPHONEOS_DEPLOYMENT_TARGET = 8.3;
				MTL_ENABLE_DEBUG_INFO = YES;
				ONLY_ACTIVE_ARCH = YES;
				SDKROOT = iphoneos;
				SWIFT_OPTIMIZATION_LEVEL = "-Onone";
			};
			name = Debug;
		};
		FA708E971BCB51AE00CEE08A /* Release */ = {
			isa = XCBuildConfiguration;
			buildSettings = {
				ALWAYS_SEARCH_USER_PATHS = NO;
				CLANG_CXX_LANGUAGE_STANDARD = "gnu++0x";
				CLANG_CXX_LIBRARY = "libc++";
				CLANG_ENABLE_MODULES = YES;
				CLANG_ENABLE_OBJC_ARC = YES;
				CLANG_WARN_BOOL_CONVERSION = YES;
				CLANG_WARN_CONSTANT_CONVERSION = YES;
				CLANG_WARN_DIRECT_OBJC_ISA_USAGE = YES_ERROR;
				CLANG_WARN_EMPTY_BODY = YES;
				CLANG_WARN_ENUM_CONVERSION = YES;
				CLANG_WARN_INT_CONVERSION = YES;
				CLANG_WARN_OBJC_ROOT_CLASS = YES_ERROR;
				CLANG_WARN_UNREACHABLE_CODE = YES;
				CLANG_WARN__DUPLICATE_METHOD_MATCH = YES;
				"CODE_SIGN_IDENTITY[sdk=iphoneos*]" = "iPhone Developer";
				COPY_PHASE_STRIP = NO;
				DEBUG_INFORMATION_FORMAT = "dwarf-with-dsym";
				ENABLE_NS_ASSERTIONS = NO;
				ENABLE_STRICT_OBJC_MSGSEND = YES;
				GCC_C_LANGUAGE_STANDARD = gnu99;
				GCC_NO_COMMON_BLOCKS = YES;
				GCC_WARN_64_TO_32_BIT_CONVERSION = YES;
				GCC_WARN_ABOUT_RETURN_TYPE = YES_ERROR;
				GCC_WARN_UNDECLARED_SELECTOR = YES;
				GCC_WARN_UNINITIALIZED_AUTOS = YES_AGGRESSIVE;
				GCC_WARN_UNUSED_FUNCTION = YES;
				GCC_WARN_UNUSED_VARIABLE = YES;
				IPHONEOS_DEPLOYMENT_TARGET = 8.3;
				MTL_ENABLE_DEBUG_INFO = NO;
				SDKROOT = iphoneos;
				VALIDATE_PRODUCT = YES;
			};
			name = Release;
		};
		FA708E991BCB51AE00CEE08A /* Debug */ = {
			isa = XCBuildConfiguration;
			buildSettings = {
				ASSETCATALOG_COMPILER_APPICON_NAME = AppIcon;
				INFOPLIST_FILE = tableViews/Info.plist;
				LD_RUNPATH_SEARCH_PATHS = "$(inherited) @executable_path/Frameworks";
				PRODUCT_NAME = "$(TARGET_NAME)";
			};
			name = Debug;
		};
		FA708E9A1BCB51AE00CEE08A /* Release */ = {
			isa = XCBuildConfiguration;
			buildSettings = {
				ASSETCATALOG_COMPILER_APPICON_NAME = AppIcon;
				INFOPLIST_FILE = tableViews/Info.plist;
				LD_RUNPATH_SEARCH_PATHS = "$(inherited) @executable_path/Frameworks";
				PRODUCT_NAME = "$(TARGET_NAME)";
			};
			name = Release;
		};
		FA708E9C1BCB51AE00CEE08A /* Debug */ = {
			isa = XCBuildConfiguration;
			buildSettings = {
				BUNDLE_LOADER = "$(TEST_HOST)";
				FRAMEWORK_SEARCH_PATHS = (
					"$(SDKROOT)/Developer/Library/Frameworks",
					"$(inherited)",
				);
				GCC_PREPROCESSOR_DEFINITIONS = (
					"DEBUG=1",
					"$(inherited)",
				);
				INFOPLIST_FILE = tableViewsTests/Info.plist;
				LD_RUNPATH_SEARCH_PATHS = "$(inherited) @executable_path/Frameworks @loader_path/Frameworks";
				PRODUCT_NAME = "$(TARGET_NAME)";
				TEST_HOST = "$(BUILT_PRODUCTS_DIR)/tableViews.app/tableViews";
			};
			name = Debug;
		};
		FA708E9D1BCB51AE00CEE08A /* Release */ = {
			isa = XCBuildConfiguration;
			buildSettings = {
				BUNDLE_LOADER = "$(TEST_HOST)";
				FRAMEWORK_SEARCH_PATHS = (
					"$(SDKROOT)/Developer/Library/Frameworks",
					"$(inherited)",
				);
				INFOPLIST_FILE = tableViewsTests/Info.plist;
				LD_RUNPATH_SEARCH_PATHS = "$(inherited) @executable_path/Frameworks @loader_path/Frameworks";
				PRODUCT_NAME = "$(TARGET_NAME)";
				TEST_HOST = "$(BUILT_PRODUCTS_DIR)/tableViews.app/tableViews";
			};
			name = Release;
		};
/* End XCBuildConfiguration section */

/* Begin XCConfigurationList section */
		FA708E741BCB51AE00CEE08A /* Build configuration list for PBXProject "tableViews" */ = {
			isa = XCConfigurationList;
			buildConfigurations = (
				FA708E961BCB51AE00CEE08A /* Debug */,
				FA708E971BCB51AE00CEE08A /* Release */,
			);
			defaultConfigurationIsVisible = 0;
			defaultConfigurationName = Release;
		};
		FA708E981BCB51AE00CEE08A /* Build configuration list for PBXNativeTarget "tableViews" */ = {
			isa = XCConfigurationList;
			buildConfigurations = (
				FA708E991BCB51AE00CEE08A /* Debug */,
				FA708E9A1BCB51AE00CEE08A /* Release */,
			);
			defaultConfigurationIsVisible = 0;
		};
		FA708E9B1BCB51AE00CEE08A /* Build configuration list for PBXNativeTarget "tableViewsTests" */ = {
			isa = XCConfigurationList;
			buildConfigurations = (
				FA708E9C1BCB51AE00CEE08A /* Debug */,
				FA708E9D1BCB51AE00CEE08A /* Release */,
			);
			defaultConfigurationIsVisible = 0;
		};
/* End XCConfigurationList section */
	};
	rootObject = FA708E711BCB51AE00CEE08A /* Project object */;
}
